{
  "lockfileVersion": 1,
  "configVersion": 1,
  "workspaces": {
    "": {
      "name": "tools",
      "dependencies": {
        "@openrouter/sdk": "^0.5.1",
        "chalk": "^5.6.2",
        "smol-toml": "^1.6.0",
        "zod-defaults": "^0.2.3",
      },
      "devDependencies": {
        "@types/bun": "latest",
      },
      "optionalDependencies": {
        "even-pf-darwin-arm64": "0.3.4",
        "even-pf-darwin-x64": "0.3.4",
        "even-pf-linux-arm64": "0.3.4",
        "even-pf-linux-x64": "0.3.4",
        "even-pf-windows-x64": "0.3.4",
      },
      "peerDependencies": {
        "typescript": "^5.9.3",
      },
    },
  },
  "packages": {
    "@openrouter/sdk": ["@openrouter/sdk@0.5.1", "", { "dependencies": { "zod": "^3.25.0 || ^4.0.0" } }, "sha512-Kl0N1jIj7A3lnkM5dO3SGP8JP3jAozzs6JWcHVuZUBt5DsGKxFGNH1Y15bCfsJiLNA2ylAQpCN3aNcgEYkkL5Q=="],

    "@types/bun": ["@types/bun@1.3.9", "", { "dependencies": { "bun-types": "1.3.9" } }, "sha512-KQ571yULOdWJiMH+RIWIOZ7B2RXQGpL1YQrBtLIV3FqDcCu6FsbFUBwhdKUlCKUpS3PJDsHlJ1QKlpxoVR+xtw=="],

    "@types/node": ["@types/node@24.10.1", "", { "dependencies": { "undici-types": "~7.16.0" } }, "sha512-GNWcUTRBgIRJD5zj+Tq0fKOJ5XZajIiBroOF0yvj2bSU1WvNdYS/dn9UxwsujGW4JX06dnHyjV2y9rRaybH0iQ=="],

    "bun-types": ["bun-types@1.3.9", "", { "dependencies": { "@types/node": "*" } }, "sha512-+UBWWOakIP4Tswh0Bt0QD0alpTY8cb5hvgiYeWCMet9YukHbzuruIEeXC2D7nMJPB12kbh8C7XJykSexEqGKJg=="],

    "chalk": ["chalk@5.6.2", "", {}, "sha512-7NzBL0rN6fMUW+f7A6Io4h40qQlG+xGmtMxfbnH/K7TAtt8JQWVQK+6g0UXKMeVJoyV5EkkNsErQ8pVD3bLHbA=="],

    "even-pf-darwin-arm64": ["even-pf-darwin-arm64@0.3.4", "", { "os": "darwin", "cpu": "arm64", "bin": { "even-pf": "bin/even-pf" } }, "sha512-x2vTM0ogvlFhUiHqb13kXJTKPRPU/VdoZa1G51c3IHsZz7wdDpkD/DxcEvxAmO28MbJtfjxig8nRFMvld5J6jg=="],

    "even-pf-darwin-x64": ["even-pf-darwin-x64@0.3.4", "", { "os": "darwin", "cpu": "x64", "bin": { "even-pf": "bin/even-pf" } }, "sha512-L2hzBvSLFcWMB/MJQeZTQHI8mqpGMQ7T0tSPXjv4S1tFglF8ZtdxggDAhmItEyyqVfsAT6LY+HyOpJnUAga9tg=="],

    "even-pf-linux-arm64": ["even-pf-linux-arm64@0.3.4", "", { "os": "linux", "cpu": "arm64", "bin": { "even-pf": "bin/even-pf" } }, "sha512-/5nLtKs+8xvTHEkrVPQQ5XQBTKROmF42z6+fo4AOkOj/TbDGwCher6RYYMHQ6pD7M0jjF5AdSlj5HLEGf/N9Qg=="],

    "even-pf-linux-x64": ["even-pf-linux-x64@0.3.4", "", { "os": "linux", "cpu": "x64", "bin": { "even-pf": "bin/even-pf" } }, "sha512-UN0wz2svjcjckugzFyc4tHxllrTM7IScSmnLDq5z9AB5cplHZrvAg8cYcvz20YEcHsr7aUkxrhA7iDv5KKYhkA=="],

    "even-pf-windows-x64": ["even-pf-windows-x64@0.3.4", "", { "os": "win32", "cpu": "x64", "bin": { "even-pf": "bin/even-pf.exe" } }, "sha512-ni84uLUdo95TlACDUyz7Ia7+4wigSByvUuR+IrXbLzkN90mZTsJoZVbAoJMR8CnOlPPEClcPHqkTcYl1lbLOwA=="],

    "smol-toml": ["smol-toml@1.6.0", "", {}, "sha512-4zemZi0HvTnYwLfrpk/CF9LOd9Lt87kAt50GnqhMpyF9U3poDAP2+iukq2bZsO/ufegbYehBkqINbsWxj4l4cw=="],

    "typescript": ["typescript@5.9.3", "", { "bin": { "tsc": "bin/tsc", "tsserver": "bin/tsserver" } }, "sha512-jl1vZzPDinLr9eUt3J/t7V6FgNEw9QjvBPdysz9KfQDD41fQrC2Y4vKQdiaUpFT4bXlb1RHhLpp8wtm6M5TgSw=="],

    "undici-types": ["undici-types@7.16.0", "", {}, "sha512-Zz+aZWSj8LE6zoxD+xrjh4VfkIG8Ya6LvYkZqtUQGJPZjYl53ypCaUwWqo7eI0x66KBGeRo+mlBEkMSeSZ38Nw=="],

    "zod": ["zod@4.1.12", "", {}, "sha512-JInaHOamG8pt5+Ey8kGmdcAcg3OL9reK8ltczgHTAwNhMys/6ThXHityHxVV2p3fkw/c+MAvBHFVYHFZDmjMCQ=="],

    "zod-defaults": ["zod-defaults@0.2.3", "", { "peerDependencies": { "zod": "^4.1.12" } }, "sha512-7pYkOH1/c+Ril5AZUYtsbhMkehkI8CMqzFZ7YZXfC9SMLRvZuLyonQE7BAIVSNxeTpqTZmW5BLxGSzWMnKNdIw=="],
  }
}
